
Microsoft Visual Studio Solution File, Format Version 12.00
# Visual Studio Version 17
VisualStudioVersion = 17.11.35222.181
MinimumVisualStudioVersion = 10.0.40219.1
Project("{FAE04EC0-301F-11D3-BF4B-00C04F79EFBC}") = "KanjiKapture", "KanjiKapture\KanjiKapture.csproj", "{571F4403-86C2-4020-880D-59A8DC1E993F}"
EndProject
Global
	GlobalSection(SolutionConfigurationPlatforms) = preSolution
		Debug|Any CPU = Debug|Any CPU
		Release|Any CPU = Release|Any CPU
	EndGlobalSection
	GlobalSection(ProjectConfigurationPlatforms) = postSolution
		{571F4403-86C2-4020-880D-59A8DC1E993F}.Debug|Any CPU.ActiveCfg = Debug|Any CPU
		{571F4403-86C2-4020-880D-59A8DC1E993F}.Debug|Any CPU.Build.0 = Debug|Any CPU
		{571F4403-86C2-4020-880D-59A8DC1E993F}.Debug|Any CPU.Deploy.0 = Debug|Any CPU
		{571F4403-86C2-4020-880D-59A8DC1E993F}.Release|Any CPU.ActiveCfg = Release|Any CPU
		{571F4403-86C2-4020-880D-59A8DC1E993F}.Release|Any CPU.Build.0 = Release|Any CPU
		{571F4403-86C2-4020-880D-59A8DC1E993F}.Release|Any CPU.Deploy.0 = Release|Any CPU
	EndGlobalSection
	GlobalSection(SolutionProperties) = preSolution
		HideSolutionNode = FALSE
	EndGlobalSection
	GlobalSection(ExtensibilityGlobals) = postSolution
		SolutionGuid = {E81AB9C8-2E17-454D-AA6A-BCF97BFE7ED3}
	EndGlobalSection
EndGlobal
